{
	"name": "dartlab-data-csv-worker",
	"version": "0.1.0",
	"lockfileVersion": 3,
	"requires": true,
	"packages": {
		"": {
			"name": "dartlab-data-csv-worker",
			"version": "0.1.0",
			"dependencies": {
				"fzstd": "^0.1.1",
				"hyparquet": "^1.26.0"
			}
		},
		"node_modules/fzstd": {
			"version": "0.1.1",
			"resolved": "https://registry.npmjs.org/fzstd/-/fzstd-0.1.1.tgz",
			"integrity": "sha512-dkuVSOKKwh3eas5VkJy1AW1vFpet8TA/fGmVA5krThl8YcOVE/8ZIoEA1+U1vEn5ckxxhLirSdY837azmbaNHA==",
			"license": "MIT"
		},
		"node_modules/hyparquet": {
			"version": "1.26.1",
			"resolved": "https://registry.npmjs.org/hyparquet/-/hyparquet-1.26.1.tgz",
			"integrity": "sha512-Me2psKksCqJGR8+TbalUYUyK4Ao+ReA6XmMSiOVPhOBswULbl3ojT06PQajyTafbNPW1vD0tCA7H6dXJAC1TPw==",
			"license": "MIT"
		}
	}
}
